
Microsoft Visual Studio Solution File, Format Version 12.00
# Visual Studio 2013
VisualStudioVersion = 12.0.30501.0
MinimumVisualStudioVersion = 10.0.40219.1
Project("{FAE04EC0-301F-11D3-BF4B-00C04F79EFBC}") = "Mosaic", "Mosaic\Mosaic.csproj", "{D4BE187E-FA10-4417-95FC-98BF0D3A5528}"
EndProject
Project("{930C7802-8A8C-48F9-8165-68863BCCD9DD}") = "MosaicInstaller", "MosaicInstaller\MosaicInstaller.wixproj", "{A455FEB7-DAAE-4C61-AA16-EE82F345431F}"
EndProject
Project("{FAE04EC0-301F-11D3-BF4B-00C04F79EFBC}") = "UpdateApplication", "UpdateApplication\UpdateApplication.csproj", "{EA4D3BFE-6DFD-41BC-A26B-2A75120FA48A}"
EndProject
Global
	GlobalSection(SolutionConfigurationPlatforms) = preSolution
		Debug|Any CPU = Debug|Any CPU
		Debug|Mixed Platforms = Debug|Mixed Platforms
		Debug|x86 = Debug|x86
		Release|Any CPU = Release|Any CPU
		Release|Mixed Platforms = Release|Mixed Platforms
		Release|x86 = Release|x86
	EndGlobalSection
	GlobalSection(ProjectConfigurationPlatforms) = postSolution
		{D4BE187E-FA10-4417-95FC-98BF0D3A5528}.Debug|Any CPU.ActiveCfg = Debug|x86
		{D4BE187E-FA10-4417-95FC-98BF0D3A5528}.Debug|Mixed Platforms.ActiveCfg = Debug|x86
		{D4BE187E-FA10-4417-95FC-98BF0D3A5528}.Debug|Mixed Platforms.Build.0 = Debug|x86
		{D4BE187E-FA10-4417-95FC-98BF0D3A5528}.Debug|x86.ActiveCfg = Debug|x86
		{D4BE187E-FA10-4417-95FC-98BF0D3A5528}.Debug|x86.Build.0 = Debug|x86
		{D4BE187E-FA10-4417-95FC-98BF0D3A5528}.Release|Any CPU.ActiveCfg = Release|x86
		{D4BE187E-FA10-4417-95FC-98BF0D3A5528}.Release|Mixed Platforms.ActiveCfg = Release|x86
		{D4BE187E-FA10-4417-95FC-98BF0D3A5528}.Release|Mixed Platforms.Build.0 = Release|x86
		{D4BE187E-FA10-4417-95FC-98BF0D3A5528}.Release|x86.ActiveCfg = Release|x86
		{D4BE187E-FA10-4417-95FC-98BF0D3A5528}.Release|x86.Build.0 = Release|x86
		{A455FEB7-DAAE-4C61-AA16-EE82F345431F}.Debug|Any CPU.ActiveCfg = Debug|x86
		{A455FEB7-DAAE-4C61-AA16-EE82F345431F}.Debug|Mixed Platforms.ActiveCfg = Debug|x86
		{A455FEB7-DAAE-4C61-AA16-EE82F345431F}.Debug|Mixed Platforms.Build.0 = Debug|x86
		{A455FEB7-DAAE-4C61-AA16-EE82F345431F}.Debug|x86.ActiveCfg = Debug|x86
		{A455FEB7-DAAE-4C61-AA16-EE82F345431F}.Debug|x86.Build.0 = Debug|x86
		{A455FEB7-DAAE-4C61-AA16-EE82F345431F}.Release|Any CPU.ActiveCfg = Release|x86
		{A455FEB7-DAAE-4C61-AA16-EE82F345431F}.Release|Mixed Platforms.ActiveCfg = Release|x86
		{A455FEB7-DAAE-4C61-AA16-EE82F345431F}.Release|Mixed Platforms.Build.0 = Release|x86
		{A455FEB7-DAAE-4C61-AA16-EE82F345431F}.Release|x86.ActiveCfg = Release|x86
		{A455FEB7-DAAE-4C61-AA16-EE82F345431F}.Release|x86.Build.0 = Release|x86
		{EA4D3BFE-6DFD-41BC-A26B-2A75120FA48A}.Debug|Any CPU.ActiveCfg = Debug|Any CPU
		{EA4D3BFE-6DFD-41BC-A26B-2A75120FA48A}.Debug|Any CPU.Build.0 = Debug|Any CPU
		{EA4D3BFE-6DFD-41BC-A26B-2A75120FA48A}.Debug|Mixed Platforms.ActiveCfg = Debug|Any CPU
		{EA4D3BFE-6DFD-41BC-A26B-2A75120FA48A}.Debug|Mixed Platforms.Build.0 = Debug|Any CPU
		{EA4D3BFE-6DFD-41BC-A26B-2A75120FA48A}.Debug|x86.ActiveCfg = Debug|Any CPU
		{EA4D3BFE-6DFD-41BC-A26B-2A75120FA48A}.Release|Any CPU.ActiveCfg = Release|Any CPU
		{EA4D3BFE-6DFD-41BC-A26B-2A75120FA48A}.Release|Any CPU.Build.0 = Release|Any CPU
		{EA4D3BFE-6DFD-41BC-A26B-2A75120FA48A}.Release|Mixed Platforms.ActiveCfg = Release|Any CPU
		{EA4D3BFE-6DFD-41BC-A26B-2A75120FA48A}.Release|Mixed Platforms.Build.0 = Release|Any CPU
		{EA4D3BFE-6DFD-41BC-A26B-2A75120FA48A}.Release|x86.ActiveCfg = Release|Any CPU
	EndGlobalSection
	GlobalSection(SolutionProperties) = preSolution
		HideSolutionNode = FALSE
	EndGlobalSection
EndGlobal
